{
  "name": "create-deka-app",
  "version": "0.0.0",
  "lockfileVersion": 3,
  "requires": true,
  "packages": {
    "": {
      "name": "create-deka-app",
      "version": "0.0.0",
      "license": "Apache-2.0",
      "bin": {
        "create-deka-app": "index.js"
      },
      "engines": {
        "node": ">=18"
      }
    }
  }
}
